
Microsoft Visual Studio Solution File, Format Version 12.00
# Visual Studio Version 17
VisualStudioVersion = 17.12.35527.113 d17.12
MinimumVisualStudioVersion = 10.0.40219.1
Project("{FAE04EC0-301F-11D3-BF4B-00C04F79EFBC}") = "FruitShop1", "FruitShop1\FruitShop1.csproj", "{BE9ABDE4-2B22-4866-84D7-7175F96410C5}"
EndProject
Global
	GlobalSection(SolutionConfigurationPlatforms) = preSolution
		Debug|Any CPU = Debug|Any CPU
		Release|Any CPU = Release|Any CPU
	EndGlobalSection
	GlobalSection(ProjectConfigurationPlatforms) = postSolution
		{BE9ABDE4-2B22-4866-84D7-7175F96410C5}.Debug|Any CPU.ActiveCfg = Debug|Any CPU
		{BE9ABDE4-2B22-4866-84D7-7175F96410C5}.Debug|Any CPU.Build.0 = Debug|Any CPU
		{BE9ABDE4-2B22-4866-84D7-7175F96410C5}.Release|Any CPU.ActiveCfg = Release|Any CPU
		{BE9ABDE4-2B22-4866-84D7-7175F96410C5}.Release|Any CPU.Build.0 = Release|Any CPU
	EndGlobalSection
	GlobalSection(SolutionProperties) = preSolution
		HideSolutionNode = FALSE
	EndGlobalSection
EndGlobal
